// !$*UTF8*$!
{
	archiveVersion = 1;
	classes = {
	};
	objectVersion = 56;
	objects = {

/* Begin PBXBuildFile section */
		C80F45E0299379EB002EF13E /* AppDelegate.swift in Sources */ = {isa = PBXBuildFile; fileRef = C80F45DF299379EB002EF13E /* AppDelegate.swift */; };
		C80F45E2299379EB002EF13E /* SceneDelegate.swift in Sources */ = {isa = PBXBuildFile; fileRef = C80F45E1299379EB002EF13E /* SceneDelegate.swift */; };
		C80F45E4299379EB002EF13E /* ViewController.swift in Sources */ = {isa = PBXBuildFile; fileRef = C80F45E3299379EB002EF13E /* ViewController.swift */; };
		C80F45E7299379EB002EF13E /* Main.storyboard in Resources */ = {isa = PBXBuildFile; fileRef = C80F45E5299379EB002EF13E /* Main.storyboard */; };
		C80F45EA299379EB002EF13E /* SnapKitDemo.xcdatamodeld in Sources */ = {isa = PBXBuildFile; fileRef = C80F45E8299379EB002EF13E /* SnapKitDemo.xcdatamodeld */; };
		C80F45EC299379EC002EF13E /* Assets.xcassets in Resources */ = {isa = PBXBuildFile; fileRef = C80F45EB299379EC002EF13E /* Assets.xcassets */; };
		C80F45EF299379EC002EF13E /* LaunchScreen.storyboard in Resources */ = {isa = PBXBuildFile; fileRef = C80F45ED299379EC002EF13E /* LaunchScreen.storyboard */; };
		C80F45FA299379EC002EF13E /* SnapKitDemoTests.swift in Sources */ = {isa = PBXBuildFile; fileRef = C80F45F9299379EC002EF13E /* SnapKitDemoTests.swift */; };
		C80F4604299379EC002EF13E /* SnapKitDemoUITests.swift in Sources */ = {isa = PBXBuildFile; fileRef = C80F4603299379EC002EF13E /* SnapKitDemoUITests.swift */; };
		C80F4606299379EC002EF13E /* SnapKitDemoUITestsLaunchTests.swift in Sources */ = {isa = PBXBuildFile; fileRef = C80F4605299379EC002EF13E /* SnapKitDemoUITestsLaunchTests.swift */; };
/* End PBXBuildFile section */

/* Begin PBXContainerItemProxy section */
		C80F45F6299379EC002EF13E /* PBXContainerItemProxy */ = {
			isa = PBXContainerItemProxy;
			containerPortal = C80F45D4299379EB002EF13E /* Project object */;
			proxyType = 1;
			remoteGlobalIDString = C80F45DB299379EB002EF13E;
			remoteInfo = SnapKitDemo;
		};
		C80F4600299379EC002EF13E /* PBXContainerItemProxy */ = {
			isa = PBXContainerItemProxy;
			containerPortal = C80F45D4299379EB002EF13E /* Project object */;
			proxyType = 1;
			remoteGlobalIDString = C80F45DB299379EB002EF13E;
			remoteInfo = SnapKitDemo;
		};
/* End PBXContainerItemProxy section */

/* Begin PBXFileReference section */
		C80F45DC299379EB002EF13E /* SnapKitDemo.app */ = {isa = PBXFileReference; explicitFileType = wrapper.application; includeInIndex = 0; path = SnapKitDemo.app; sourceTree = BUILT_PRODUCTS_DIR; };
		C80F45DF299379EB002EF13E /* AppDelegate.swift */ = {isa = PBXFileReference; lastKnownFileType = sourcecode.swift; path = AppDelegate.swift; sourceTree = "<group>"; };
		C80F45E1299379EB002EF13E /* SceneDelegate.swift */ = {isa = PBXFileReference; lastKnownFileType = sourcecode.swift; path = SceneDelegate.swift; sourceTree = "<group>"; };
		C80F45E3299379EB002EF13E /* ViewController.swift */ = {isa = PBXFileReference; lastKnownFileType = sourcecode.swift; path = ViewController.swift; sourceTree = "<group>"; };
		C80F45E6299379EB002EF13E /* Base */ = {isa = PBXFileReference; lastKnownFileType = file.storyboard; name = Base; path = Base.lproj/Main.storyboard; sourceTree = "<group>"; };
		C80F45E9299379EB002EF13E /* SnapKitDemo.xcdatamodel */ = {isa = PBXFileReference; lastKnownFileType = wrapper.xcdatamodel; path = SnapKitDemo.xcdatamodel; sourceTree = "<group>"; };
		C80F45EB299379EC002EF13E /* Assets.xcassets */ = {isa = PBXFileReference; lastKnownFileType = folder.assetcatalog; path = Assets.xcassets; sourceTree = "<group>"; };
		C80F45EE299379EC002EF13E /* Base */ = {isa = PBXFileReference; lastKnownFileType = file.storyboard; name = Base; path = Base.lproj/LaunchScreen.storyboard; sourceTree = "<group>"; };
		C80F45F0299379EC002EF13E /* Info.plist */ = {isa = PBXFileReference; lastKnownFileType = text.plist.xml; path = Info.plist; sourceTree = "<group>"; };
		C80F45F5299379EC002EF13E /* SnapKitDemoTests.xctest */ = {isa = PBXFileReference; explicitFileType = wrapper.cfbundle; includeInIndex = 0; path = SnapKitDemoTests.xctest; sourceTree = BUILT_PRODUCTS_DIR; };
		C80F45F9299379EC002EF13E /* SnapKitDemoTests.swift */ = {isa = PBXFileReference; lastKnownFileType = sourcecode.swift; path = SnapKitDemoTests.swift; sourceTree = "<group>"; };
		C80F45FF299379EC002EF13E /* SnapKitDemoUITests.xctest */ = {isa = PBXFileReference; explicitFileType = wrapper.cfbundle; includeInIndex = 0; path = SnapKitDemoUITests.xctest; sourceTree = BUILT_PRODUCTS_DIR; };
		C80F4603299379EC002EF13E /* SnapKitDemoUITests.swift */ = {isa = PBXFileReference; lastKnownFileType = sourcecode.swift; path = SnapKitDemoUITests.swift; sourceTree = "<group>"; };
		C80F4605299379EC002EF13E /* SnapKitDemoUITestsLaunchTests.swift */ = {isa = PBXFileReference; lastKnownFileType = sourcecode.swift; path = SnapKitDemoUITestsLaunchTests.swift; sourceTree = "<group>"; };
/* End PBXFileReference section */

/* Begin PBXFrameworksBuildPhase section */
		C80F45D9299379EB002EF13E /* Frameworks */ = {
			isa = PBXFrameworksBuildPhase;
			buildActionMask = 2147483647;
			files = (
			);
			runOnlyForDeploymentPostprocessing = 0;
		};
		C80F45F2299379EC002EF13E /* Frameworks */ = {
			isa = PBXFrameworksBuildPhase;
			buildActionMask = 2147483647;
			files = (
			);
			runOnlyForDeploymentPostprocessing = 0;
		};
		C80F45FC299379EC002EF13E /* Frameworks */ = {
			isa = PBXFrameworksBuildPhase;
			buildActionMask = 2147483647;
			files = (
			);
			runOnlyForDeploymentPostprocessing = 0;
		};
/* End PBXFrameworksBuildPhase section */

/* Begin PBXGroup section */
		C80F45D3299379EB002EF13E = {
			isa = PBXGroup;
			children = (
				C80F45DE299379EB002EF13E /* SnapKitDemo */,
				C80F45F8299379EC002EF13E /* SnapKitDemoTests */,
				C80F4602299379EC002EF13E /* SnapKitDemoUITests */,
				C80F45DD299379EB002EF13E /* Products */,
			);
			sourceTree = "<group>";
		};
		C80F45DD299379EB002EF13E /* Products */ = {
			isa = PBXGroup;
			children = (
				C80F45DC299379EB002EF13E /* SnapKitDemo.app */,
				C80F45F5299379EC002EF13E /* SnapKitDemoTests.xctest */,
				C80F45FF299379EC002EF13E /* SnapKitDemoUITests.xctest */,
			);
			name = Products;
			sourceTree = "<group>";
		};
		C80F45DE299379EB002EF13E /* SnapKitDemo */ = {
			isa = PBXGroup;
			children = (
				C80F45DF299379EB002EF13E /* AppDelegate.swift */,
				C80F45E1299379EB002EF13E /* SceneDelegate.swift */,
				C80F45E3299379EB002EF13E /* ViewController.swift */,
				C80F45E5299379EB002EF13E /* Main.storyboard */,
				C80F45EB299379EC002EF13E /* Assets.xcassets */,
				C80F45ED299379EC002EF13E /* LaunchScreen.storyboard */,
				C80F45F0299379EC002EF13E /* Info.plist */,
				C80F45E8299379EB002EF13E /* SnapKitDemo.xcdatamodeld */,
			);
			path = SnapKitDemo;
			sourceTree = "<group>";
		};
		C80F45F8299379EC002EF13E /* SnapKitDemoTests */ = {
			isa = PBXGroup;
			children = (
				C80F45F9299379EC002EF13E /* SnapKitDemoTests.swift */,
			);
			path = SnapKitDemoTests;
			sourceTree = "<group>";
		};
		C80F4602299379EC002EF13E /* SnapKitDemoUITests */ = {
			isa = PBXGroup;
			children = (
				C80F4603299379EC002EF13E /* SnapKitDemoUITests.swift */,
				C80F4605299379EC002EF13E /* SnapKitDemoUITestsLaunchTests.swift */,
			);
			path = SnapKitDemoUITests;
			sourceTree = "<group>";
		};
/* End PBXGroup section */

/* Begin PBXNativeTarget section */
		C80F45DB299379EB002EF13E /* SnapKitDemo */ = {
			isa = PBXNativeTarget;
			buildConfigurationList = C80F4609299379EC002EF13E /* Build configuration list for PBXNativeTarget "SnapKitDemo" */;
			buildPhases = (
				C80F45D8299379EB002EF13E /* Sources */,
				C80F45D9299379EB002EF13E /* Frameworks */,
				C80F45DA299379EB002EF13E /* Resources */,
			);
			buildRules = (
			);
			dependencies = (
			);
			name = SnapKitDemo;
			productName = SnapKitDemo;
			productReference = C80F45DC299379EB002EF13E /* SnapKitDemo.app */;
			productType = "com.apple.product-type.application";
		};
		C80F45F4299379EC002EF13E /* SnapKitDemoTests */ = {
			isa = PBXNativeTarget;
			buildConfigurationList = C80F460C299379EC002EF13E /* Build configuration list for PBXNativeTarget "SnapKitDemoTests" */;
			buildPhases = (
				C80F45F1299379EC002EF13E /* Sources */,
				C80F45F2299379EC002EF13E /* Frameworks */,
				C80F45F3299379EC002EF13E /* Resources */,
			);
			buildRules = (
			);
			dependencies = (
				C80F45F7299379EC002EF13E /* PBXTargetDependency */,
			);
			name = SnapKitDemoTests;
			productName = SnapKitDemoTests;
			productReference = C80F45F5299379EC002EF13E /* SnapKitDemoTests.xctest */;
			productType = "com.apple.product-type.bundle.unit-test";
		};
		C80F45FE299379EC002EF13E /* SnapKitDemoUITests */ = {
			isa = PBXNativeTarget;
			buildConfigurationList = C80F460F299379EC002EF13E /* Build configuration list for PBXNativeTarget "SnapKitDemoUITests" */;
			buildPhases = (
				C80F45FB299379EC002EF13E /* Sources */,
				C80F45FC299379EC002EF13E /* Frameworks */,
				C80F45FD299379EC002EF13E /* Resources */,
			);
			buildRules = (
			);
			dependencies = (
				C80F4601299379EC002EF13E /* PBXTargetDependency */,
			);
			name = SnapKitDemoUITests;
			productName = SnapKitDemoUITests;
			productReference = C80F45FF299379EC002EF13E /* SnapKitDemoUITests.xctest */;
			productType = "com.apple.product-type.bundle.ui-testing";
		};
/* End PBXNativeTarget section */

/* Begin PBXProject section */
		C80F45D4299379EB002EF13E /* Project object */ = {
			isa = PBXProject;
			attributes = {
				BuildIndependentTargetsInParallel = 1;
				LastSwiftUpdateCheck = 1420;
				LastUpgradeCheck = 1420;
				TargetAttributes = {
					C80F45DB299379EB002EF13E = {
						CreatedOnToolsVersion = 14.2;
					};
					C80F45F4299379EC002EF13E = {
						CreatedOnToolsVersion = 14.2;
						TestTargetID = C80F45DB299379EB002EF13E;
					};
					C80F45FE299379EC002EF13E = {
						CreatedOnToolsVersion = 14.2;
						TestTargetID = C80F45DB299379EB002EF13E;
					};
				};
			};
			buildConfigurationList = C80F45D7299379EB002EF13E /* Build configuration list for PBXProject "SnapKitDemo" */;
			compatibilityVersion = "Xcode 14.0";
			developmentRegion = en;
			hasScannedForEncodings = 0;
			knownRegions = (
				en,
				Base,
			);
			mainGroup = C80F45D3299379EB002EF13E;
			productRefGroup = C80F45DD299379EB002EF13E /* Products */;
			projectDirPath = "";
			projectRoot = "";
			targets = (
				C80F45DB299379EB002EF13E /* SnapKitDemo */,
				C80F45F4299379EC002EF13E /* SnapKitDemoTests */,
				C80F45FE299379EC002EF13E /* SnapKitDemoUITests */,
			);
		};
/* End PBXProject section */

/* Begin PBXResourcesBuildPhase section */
		C80F45DA299379EB002EF13E /* Resources */ = {
			isa = PBXResourcesBuildPhase;
			buildActionMask = 2147483647;
			files = (
				C80F45EF299379EC002EF13E /* LaunchScreen.storyboard in Resources */,
				C80F45EC299379EC002EF13E /* Assets.xcassets in Resources */,
				C80F45E7299379EB002EF13E /* Main.storyboard in Resources */,
			);
			runOnlyForDeploymentPostprocessing = 0;
		};
		C80F45F3299379EC002EF13E /* Resources */ = {
			isa = PBXResourcesBuildPhase;
			buildActionMask = 2147483647;
			files = (
			);
			runOnlyForDeploymentPostprocessing = 0;
		};
		C80F45FD299379EC002EF13E /* Resources */ = {
			isa = PBXResourcesBuildPhase;
			buildActionMask = 2147483647;
			files = (
			);
			runOnlyForDeploymentPostprocessing = 0;
		};
/* End PBXResourcesBuildPhase section */

/* Begin PBXSourcesBuildPhase section */
		C80F45D8299379EB002EF13E /* Sources */ = {
			isa = PBXSourcesBuildPhase;
			buildActionMask = 2147483647;
			files = (
				C80F45E4299379EB002EF13E /* ViewController.swift in Sources */,
				C80F45E0299379EB002EF13E /* AppDelegate.swift in Sources */,
				C80F45E2299379EB002EF13E /* SceneDelegate.swift in Sources */,
				C80F45EA299379EB002EF13E /* SnapKitDemo.xcdatamodeld in Sources */,
			);
			runOnlyForDeploymentPostprocessing = 0;
		};
		C80F45F1299379EC002EF13E /* Sources */ = {
			isa = PBXSourcesBuildPhase;
			buildActionMask = 2147483647;
			files = (
				C80F45FA299379EC002EF13E /* SnapKitDemoTests.swift in Sources */,
			);
			runOnlyForDeploymentPostprocessing = 0;
		};
		C80F45FB299379EC002EF13E /* Sources */ = {
			isa = PBXSourcesBuildPhase;
			buildActionMask = 2147483647;
			files = (
				C80F4606299379EC002EF13E /* SnapKitDemoUITestsLaunchTests.swift in Sources */,
				C80F4604299379EC002EF13E /* SnapKitDemoUITests.swift in Sources */,
			);
			runOnlyForDeploymentPostprocessing = 0;
		};
/* End PBXSourcesBuildPhase section */

/* Begin PBXTargetDependency section */
		C80F45F7299379EC002EF13E /* PBXTargetDependency */ = {
			isa = PBXTargetDependency;
			target = C80F45DB299379EB002EF13E /* SnapKitDemo */;
			targetProxy = C80F45F6299379EC002EF13E /* PBXContainerItemProxy */;
		};
		C80F4601299379EC002EF13E /* PBXTargetDependency */ = {
			isa = PBXTargetDependency;
			target = C80F45DB299379EB002EF13E /* SnapKitDemo */;
			targetProxy = C80F4600299379EC002EF13E /* PBXContainerItemProxy */;
		};
/* End PBXTargetDependency section */

/* Begin PBXVariantGroup section */
		C80F45E5299379EB002EF13E /* Main.storyboard */ = {
			isa = PBXVariantGroup;
			children = (
				C80F45E6299379EB002EF13E /* Base */,
			);
			name = Main.storyboard;
			sourceTree = "<group>";
		};
		C80F45ED299379EC002EF13E /* LaunchScreen.storyboard */ = {
			isa = PBXVariantGroup;
			children = (
				C80F45EE299379EC002EF13E /* Base */,
			);
			name = LaunchScreen.storyboard;
			sourceTree = "<group>";
		};
/* End PBXVariantGroup section */

/* Begin XCBuildConfiguration section */
		C80F4607299379EC002EF13E /* Debug */ = {
			isa = XCBuildConfiguration;
			buildSettings = {
				ALWAYS_SEARCH_USER_PATHS = NO;
				CLANG_ANALYZER_NONNULL = YES;
				CLANG_ANALYZER_NUMBER_OBJECT_CONVERSION = YES_AGGRESSIVE;
				CLANG_CXX_LANGUAGE_STANDARD = "gnu++20";
				CLANG_ENABLE_MODULES = YES;
				CLANG_ENABLE_OBJC_ARC = YES;
				CLANG_ENABLE_OBJC_WEAK = YES;
				CLANG_WARN_BLOCK_CAPTURE_AUTORELEASING = YES;
				CLANG_WARN_BOOL_CONVERSION = YES;
				CLANG_WARN_COMMA = YES;
				CLANG_WARN_CONSTANT_CONVERSION = YES;
				CLANG_WARN_DEPRECATED_OBJC_IMPLEMENTATIONS = YES;
				CLANG_WARN_DIRECT_OBJC_ISA_USAGE = YES_ERROR;
				CLANG_WARN_DOCUMENTATION_COMMENTS = YES;
				CLANG_WARN_EMPTY_BODY = YES;
				CLANG_WARN_ENUM_CONVERSION = YES;
				CLANG_WARN_INFINITE_RECURSION = YES;
				CLANG_WARN_INT_CONVERSION = YES;
				CLANG_WARN_NON_LITERAL_NULL_CONVERSION = YES;
				CLANG_WARN_OBJC_IMPLICIT_RETAIN_SELF = YES;
				CLANG_WARN_OBJC_LITERAL_CONVERSION = YES;
				CLANG_WARN_OBJC_ROOT_CLASS = YES_ERROR;
				CLANG_WARN_QUOTED_INCLUDE_IN_FRAMEWORK_HEADER = YES;
				CLANG_WARN_RANGE_LOOP_ANALYSIS = YES;
				CLANG_WARN_STRICT_PROTOTYPES = YES;
				CLANG_WARN_SUSPICIOUS_MOVE = YES;
				CLANG_WARN_UNGUARDED_AVAILABILITY = YES_AGGRESSIVE;
				CLANG_WARN_UNREACHABLE_CODE = YES;
				CLANG_WARN__DUPLICATE_METHOD_MATCH = YES;
				COPY_PHASE_STRIP = NO;
				DEBUG_INFORMATION_FORMAT = dwarf;
				ENABLE_STRICT_OBJC_MSGSEND = YES;
				ENABLE_TESTABILITY = YES;
				GCC_C_LANGUAGE_STANDARD = gnu11;
				GCC_DYNAMIC_NO_PIC = NO;
				GCC_NO_COMMON_BLOCKS = YES;
				GCC_OPTIMIZATION_LEVEL = 0;
				GCC_PREPROCESSOR_DEFINITIONS = (
					"DEBUG=1",
					"$(inherited)",
				);
				GCC_WARN_64_TO_32_BIT_CONVERSION = YES;
				GCC_WARN_ABOUT_RETURN_TYPE = YES_ERROR;
				GCC_WARN_UNDECLARED_SELECTOR = YES;
				GCC_WARN_UNINITIALIZED_AUTOS = YES_AGGRESSIVE;
				GCC_WARN_UNUSED_FUNCTION = YES;
				GCC_WARN_UNUSED_VARIABLE = YES;
				IPHONEOS_DEPLOYMENT_TARGET = 16.2;
				MTL_ENABLE_DEBUG_INFO = INCLUDE_SOURCE;
				MTL_FAST_MATH = YES;
				ONLY_ACTIVE_ARCH = YES;
				SDKROOT = iphoneos;
				SWIFT_ACTIVE_COMPILATION_CONDITIONS = DEBUG;
				SWIFT_OPTIMIZATION_LEVEL = "-Onone";
			};
			name = Debug;
		};
		C80F4608299379EC002EF13E /* Release */ = {
			isa = XCBuildConfiguration;
			buildSettings = {
				ALWAYS_SEARCH_USER_PATHS = NO;
				CLANG_ANALYZER_NONNULL = YES;
				CLANG_ANALYZER_NUMBER_OBJECT_CONVERSION = YES_AGGRESSIVE;
				CLANG_CXX_LANGUAGE_STANDARD = "gnu++20";
				CLANG_ENABLE_MODULES = YES;
				CLANG_ENABLE_OBJC_ARC = YES;
				CLANG_ENABLE_OBJC_WEAK = YES;
				CLANG_WARN_BLOCK_CAPTURE_AUTORELEASING = YES;
				CLANG_WARN_BOOL_CONVERSION = YES;
				CLANG_WARN_COMMA = YES;
				CLANG_WARN_CONSTANT_CONVERSION = YES;
				CLANG_WARN_DEPRECATED_OBJC_IMPLEMENTATIONS = YES;
				CLANG_WARN_DIRECT_OBJC_ISA_USAGE = YES_ERROR;
				CLANG_WARN_DOCUMENTATION_COMMENTS = YES;
				CLANG_WARN_EMPTY_BODY = YES;
				CLANG_WARN_ENUM_CONVERSION = YES;
				CLANG_WARN_INFINITE_RECURSION = YES;
				CLANG_WARN_INT_CONVERSION = YES;
				CLANG_WARN_NON_LITERAL_NULL_CONVERSION = YES;
				CLANG_WARN_OBJC_IMPLICIT_RETAIN_SELF = YES;
				CLANG_WARN_OBJC_LITERAL_CONVERSION = YES;
				CLANG_WARN_OBJC_ROOT_CLASS = YES_ERROR;
				CLANG_WARN_QUOTED_INCLUDE_IN_FRAMEWORK_HEADER = YES;
				CLANG_WARN_RANGE_LOOP_ANALYSIS = YES;
				CLANG_WARN_STRICT_PROTOTYPES = YES;
				CLANG_WARN_SUSPICIOUS_MOVE = YES;
				CLANG_WARN_UNGUARDED_AVAILABILITY = YES_AGGRESSIVE;
				CLANG_WARN_UNREACHABLE_CODE = YES;
				CLANG_WARN__DUPLICATE_METHOD_MATCH = YES;
				COPY_PHASE_STRIP = NO;
				DEBUG_INFORMATION_FORMAT = "dwarf-with-dsym";
				ENABLE_NS_ASSERTIONS = NO;
				ENABLE_STRICT_OBJC_MSGSEND = YES;
				GCC_C_LANGUAGE_STANDARD = gnu11;
				GCC_NO_COMMON_BLOCKS = YES;
				GCC_WARN_64_TO_32_BIT_CONVERSION = YES;
				GCC_WARN_ABOUT_RETURN_TYPE = YES_ERROR;
				GCC_WARN_UNDECLARED_SELECTOR = YES;
				GCC_WARN_UNINITIALIZED_AUTOS = YES_AGGRESSIVE;
				GCC_WARN_UNUSED_FUNCTION = YES;
				GCC_WARN_UNUSED_VARIABLE = YES;
				IPHONEOS_DEPLOYMENT_TARGET = 16.2;
				MTL_ENABLE_DEBUG_INFO = NO;
				MTL_FAST_MATH = YES;
				SDKROOT = iphoneos;
				SWIFT_COMPILATION_MODE = wholemodule;
				SWIFT_OPTIMIZATION_LEVEL = "-O";
				VALIDATE_PRODUCT = YES;
			};
			name = Release;
		};
		C80F460A299379EC002EF13E /* Debug */ = {
			isa = XCBuildConfiguration;
			buildSettings = {
				ASSETCATALOG_COMPILER_APPICON_NAME = AppIcon;
				ASSETCATALOG_COMPILER_GLOBAL_ACCENT_COLOR_NAME = AccentColor;
				CODE_SIGN_STYLE = Automatic;
				CURRENT_PROJECT_VERSION = 1;
				DEVELOPMENT_TEAM = 7BDB44YNXP;
				GENERATE_INFOPLIST_FILE = YES;
				INFOPLIST_FILE = SnapKitDemo/Info.plist;
				INFOPLIST_KEY_UIApplicationSupportsIndirectInputEvents = YES;
				INFOPLIST_KEY_UILaunchStoryboardName = LaunchScreen;
				INFOPLIST_KEY_UIMainStoryboardFile = Main;
				INFOPLIST_KEY_UISupportedInterfaceOrientations_iPad = "UIInterfaceOrientationPortrait UIInterfaceOrientationPortraitUpsideDown UIInterfaceOrientationLandscapeLeft UIInterfaceOrientationLandscapeRight";
				INFOPLIST_KEY_UISupportedInterfaceOrientations_iPhone = "UIInterfaceOrientationPortrait UIInterfaceOrientationLandscapeLeft UIInterfaceOrientationLandscapeRight";
				LD_RUNPATH_SEARCH_PATHS = (
					"$(inherited)",
					"@executable_path/Frameworks",
				);
				MARKETING_VERSION = 1.0;
				PRODUCT_BUNDLE_IDENTIFIER = com.Jeet.SnapKitDemo;
				PRODUCT_NAME = "$(TARGET_NAME)";
				SWIFT_EMIT_LOC_STRINGS = YES;
				SWIFT_VERSION = 5.0;
				TARGETED_DEVICE_FAMILY = "1,2";
			};
			name = Debug;
		};
		C80F460B299379EC002EF13E /* Release */ = {
			isa = XCBuildConfiguration;
			buildSettings = {
				ASSETCATALOG_COMPILER_APPICON_NAME = AppIcon;
				ASSETCATALOG_COMPILER_GLOBAL_ACCENT_COLOR_NAME = AccentColor;
				CODE_SIGN_STYLE = Automatic;
				CURRENT_PROJECT_VERSION = 1;
				DEVELOPMENT_TEAM = 7BDB44YNXP;
				GENERATE_INFOPLIST_FILE = YES;
				INFOPLIST_FILE = SnapKitDemo/Info.plist;
				INFOPLIST_KEY_UIApplicationSupportsIndirectInputEvents = YES;
				INFOPLIST_KEY_UILaunchStoryboardName = LaunchScreen;
				INFOPLIST_KEY_UIMainStoryboardFile = Main;
				INFOPLIST_KEY_UISupportedInterfaceOrientations_iPad = "UIInterfaceOrientationPortrait UIInterfaceOrientationPortraitUpsideDown UIInterfaceOrientationLandscapeLeft UIInterfaceOrientationLandscapeRight";
				INFOPLIST_KEY_UISupportedInterfaceOrientations_iPhone = "UIInterfaceOrientationPortrait UIInterfaceOrientationLandscapeLeft UIInterfaceOrientationLandscapeRight";
				LD_RUNPATH_SEARCH_PATHS = (
					"$(inherited)",
					"@executable_path/Frameworks",
				);
				MARKETING_VERSION = 1.0;
				PRODUCT_BUNDLE_IDENTIFIER = com.Jeet.SnapKitDemo;
				PRODUCT_NAME = "$(TARGET_NAME)";
				SWIFT_EMIT_LOC_STRINGS = YES;
				SWIFT_VERSION = 5.0;
				TARGETED_DEVICE_FAMILY = "1,2";
			};
			name = Release;
		};
		C80F460D299379EC002EF13E /* Debug */ = {
			isa = XCBuildConfiguration;
			buildSettings = {
				ALWAYS_EMBED_SWIFT_STANDARD_LIBRARIES = YES;
				BUNDLE_LOADER = "$(TEST_HOST)";
				CODE_SIGN_STYLE = Automatic;
				CURRENT_PROJECT_VERSION = 1;
				DEVELOPMENT_TEAM = 7BDB44YNXP;
				GENERATE_INFOPLIST_FILE = YES;
				IPHONEOS_DEPLOYMENT_TARGET = 16.2;
				MARKETING_VERSION = 1.0;
				PRODUCT_BUNDLE_IDENTIFIER = com.Jeet.SnapKitDemoTests;
				PRODUCT_NAME = "$(TARGET_NAME)";
				SWIFT_EMIT_LOC_STRINGS = NO;
				SWIFT_VERSION = 5.0;
				TARGETED_DEVICE_FAMILY = "1,2";
				TEST_HOST = "$(BUILT_PRODUCTS_DIR)/SnapKitDemo.app/$(BUNDLE_EXECUTABLE_FOLDER_PATH)/SnapKitDemo";
			};
			name = Debug;
		};
		C80F460E299379EC002EF13E /* Release */ = {
			isa = XCBuildConfiguration;
			buildSettings = {
				ALWAYS_EMBED_SWIFT_STANDARD_LIBRARIES = YES;
				BUNDLE_LOADER = "$(TEST_HOST)";
				CODE_SIGN_STYLE = Automatic;
				CURRENT_PROJECT_VERSION = 1;
				DEVELOPMENT_TEAM = 7BDB44YNXP;
				GENERATE_INFOPLIST_FILE = YES;
				IPHONEOS_DEPLOYMENT_TARGET = 16.2;
				MARKETING_VERSION = 1.0;
				PRODUCT_BUNDLE_IDENTIFIER = com.Jeet.SnapKitDemoTests;
				PRODUCT_NAME = "$(TARGET_NAME)";
				SWIFT_EMIT_LOC_STRINGS = NO;
				SWIFT_VERSION = 5.0;
				TARGETED_DEVICE_FAMILY = "1,2";
				TEST_HOST = "$(BUILT_PRODUCTS_DIR)/SnapKitDemo.app/$(BUNDLE_EXECUTABLE_FOLDER_PATH)/SnapKitDemo";
			};
			name = Release;
		};
		C80F4610299379EC002EF13E /* Debug */ = {
			isa = XCBuildConfiguration;
			buildSettings = {
				ALWAYS_EMBED_SWIFT_STANDARD_LIBRARIES = YES;
				CODE_SIGN_STYLE = Automatic;
				CURRENT_PROJECT_VERSION = 1;
				DEVELOPMENT_TEAM = 7BDB44YNXP;
				GENERATE_INFOPLIST_FILE = YES;
				MARKETING_VERSION = 1.0;
				PRODUCT_BUNDLE_IDENTIFIER = com.Jeet.SnapKitDemoUITests;
				PRODUCT_NAME = "$(TARGET_NAME)";
				SWIFT_EMIT_LOC_STRINGS = NO;
				SWIFT_VERSION = 5.0;
				TARGETED_DEVICE_FAMILY = "1,2";
				TEST_TARGET_NAME = SnapKitDemo;
			};
			name = Debug;
		};
		C80F4611299379EC002EF13E /* Release */ = {
			isa = XCBuildConfiguration;
			buildSettings = {
				ALWAYS_EMBED_SWIFT_STANDARD_LIBRARIES = YES;
				CODE_SIGN_STYLE = Automatic;
				CURRENT_PROJECT_VERSION = 1;
				DEVELOPMENT_TEAM = 7BDB44YNXP;
				GENERATE_INFOPLIST_FILE = YES;
				MARKETING_VERSION = 1.0;
				PRODUCT_BUNDLE_IDENTIFIER = com.Jeet.SnapKitDemoUITests;
				PRODUCT_NAME = "$(TARGET_NAME)";
				SWIFT_EMIT_LOC_STRINGS = NO;
				SWIFT_VERSION = 5.0;
				TARGETED_DEVICE_FAMILY = "1,2";
				TEST_TARGET_NAME = SnapKitDemo;
			};
			name = Release;
		};
/* End XCBuildConfiguration section */

/* Begin XCConfigurationList section */
		C80F45D7299379EB002EF13E /* Build configuration list for PBXProject "SnapKitDemo" */ = {
			isa = XCConfigurationList;
			buildConfigurations = (
				C80F4607299379EC002EF13E /* Debug */,
				C80F4608299379EC002EF13E /* Release */,
			);
			defaultConfigurationIsVisible = 0;
			defaultConfigurationName = Release;
		};
		C80F4609299379EC002EF13E /* Build configuration list for PBXNativeTarget "SnapKitDemo" */ = {
			isa = XCConfigurationList;
			buildConfigurations = (
				C80F460A299379EC002EF13E /* Debug */,
				C80F460B299379EC002EF13E /* Release */,
			);
			defaultConfigurationIsVisible = 0;
			defaultConfigurationName = Release;
		};
		C80F460C299379EC002EF13E /* Build configuration list for PBXNativeTarget "SnapKitDemoTests" */ = {
			isa = XCConfigurationList;
			buildConfigurations = (
				C80F460D299379EC002EF13E /* Debug */,
				C80F460E299379EC002EF13E /* Release */,
			);
			defaultConfigurationIsVisible = 0;
			defaultConfigurationName = Release;
		};
		C80F460F299379EC002EF13E /* Build configuration list for PBXNativeTarget "SnapKitDemoUITests" */ = {
			isa = XCConfigurationList;
			buildConfigurations = (
				C80F4610299379EC002EF13E /* Debug */,
				C80F4611299379EC002EF13E /* Release */,
			);
			defaultConfigurationIsVisible = 0;
			defaultConfigurationName = Release;
		};
/* End XCConfigurationList section */

/* Begin XCVersionGroup section */
		C80F45E8299379EB002EF13E /* SnapKitDemo.xcdatamodeld */ = {
			isa = XCVersionGroup;
			children = (
				C80F45E9299379EB002EF13E /* SnapKitDemo.xcdatamodel */,
			);
			currentVersion = C80F45E9299379EB002EF13E /* SnapKitDemo.xcdatamodel */;
			path = SnapKitDemo.xcdatamodeld;
			sourceTree = "<group>";
			versionGroupType = wrapper.xcdatamodel;
		};
/* End XCVersionGroup section */
	};
	rootObject = C80F45D4299379EB002EF13E /* Project object */;
}
